<?xml version="1.0" encoding="utf-8"?>
<Project ToolsVersion="4.0" xmlns="http://schemas.microsoft.com/developer/msbuild/2003">
  <ItemGroup>
    <Filter Include="Source Files">
      <UniqueIdentifier>{1FB7DEA0-0F4C-488A-9C68-A989E1C61DFE}</UniqueIdentifier>
      <Extensions>cpp;c;cc;cxx;c++;cppm;ixx;def;odl;idl;hpj;bat;asm;asmx</Extensions>
    </Filter>
    <Filter Include="Header Files">
      <UniqueIdentifier>{7C235F64-E027-4CB2-ADBA-8609E179A10E}</UniqueIdentifier>
      <Extensions>h;hh;hpp;hxx;h++;hm;inl;inc;ipp;xsd</Extensions>
    </Filter>
    <Filter Include="Resource Files">
      <UniqueIdentifier>{8F366C19-7DBF-4D45-A141-4BEEC87369D0}</UniqueIdentifier>
      <Extensions>rc;ico;cur;bmp;dlg;rc2;rct;bin;rgs;gif;jpg;jpeg;jpe;resx;tiff;tif;png;wav;mfcribbon-ms</Extensions>
    </Filter>
  </ItemGroup>
  <ItemGroup>
    <ResourceCompile Include="orthia.rc">
      <Filter>Resource Files</Filter>
    </ResourceCompile>
  </ItemGroup>
  <ItemGroup>
    <ClCompile Include="main.cpp">
      <Filter>Source Files</Filter>
    </ClCompile>
    <ClCompile Include="ui_en.cpp">
      <Filter>Source Files</Filter>
    </ClCompile>
    <ClCompile Include="orthia_model.cpp">
      <Filter>Source Files</Filter>
    </ClCompile>
    <ClCompile Include="ui_menu.cpp">
      <Filter>Source Files</Filter>
    </ClCompile>
    <ClCompile Include="ui_main_window.cpp">
      <Filter>Source Files</Filter>
    </ClCompile>
    <ClCompile Include="ui_disasm_window.cpp">
      <Filter>Source Files</Filter>
    </ClCompile>
    <ClCompile Include="ui_output_window.cpp">
      <Filter>Source Files</Filter>
    </ClCompile>
    <ClCompile Include="ui_tests.cpp">
      <Filter>Source Files</Filter>
    </ClCompile>
    <ClCompile Include="orthia_config.cpp">
      <Filter>Source Files</Filter>
    </ClCompile>
    <ClCompile Include="orthia_helpers.cpp">
      <Filter>Source Files</Filter>
    </ClCompile>
    <ClCompile Include="oui_open_process_dialog.cpp">
      <Filter>Source Files</Filter>
    </ClCompile>
    <ClCompile Include="oui_processes.cpp">
      <Filter>Source Files</Filter>
    </ClCompile>
    <ClCompile Include="oui_processes_win32.cpp">
      <Filter>Source Files</Filter>
    </ClCompile>
    <ClCompile Include="orthia_item_file.cpp">
      <Filter>Source Files</Filter>
    </ClCompile>
    <ClCompile Include="orthia_item_process.cpp">
      <Filter>Source Files</Filter>
    </ClCompile>
    <ClCompile Include="orthia_process_adapter.cpp">
      <Filter>Source Files</Filter>
    </ClCompile>
  </ItemGroup>
  <ItemGroup>
    <ClInclude Include="orthia_model.h">
      <Filter>Header Files</Filter>
    </ClInclude>
    <ClInclude Include="ui_main_window.h">
      <Filter>Header Files</Filter>
    </ClInclude>
    <ClInclude Include="ui_disasm_window.h">
      <Filter>Header Files</Filter>
    </ClInclude>
    <ClInclude Include="ui_output_window.h">
      <Filter>Header Files</Filter>
    </ClInclude>
    <ClInclude Include="orthia_config.h">
      <Filter>Header Files</Filter>
    </ClInclude>
    <ClInclude Include="orthia_helpers.h">
      <Filter>Header Files</Filter>
    </ClInclude>
    <ClInclude Include="oui_open_process_dialog.h">
      <Filter>Header Files</Filter>
    </ClInclude>
    <ClInclude Include="oui_processes.h">
      <Filter>Header Files</Filter>
    </ClInclude>
    <ClInclude Include="orthia_item_file.h">
      <Filter>Header Files</Filter>
    </ClInclude>
    <ClInclude Include="orthia_model_interfaces.h">
      <Filter>Header Files</Filter>
    </ClInclude>
    <ClInclude Include="orthia_item_process.h">
      <Filter>Header Files</Filter>
    </ClInclude>
    <ClInclude Include="orthia_process_adapter.h">
      <Filter>Header Files</Filter>
    </ClInclude>
  </ItemGroup>
</Project>